
Microsoft Visual Studio Solution File, Format Version 12.00
# Visual Studio Version 16
VisualStudioVersion = 16.0.29324.140
MinimumVisualStudioVersion = 10.0.40219.1
Project("{9A19103F-16F7-4668-BE54-9A1E7A4F7556}") = "CalificarTaxis.Common", "CalificarTaxis.Common\CalificarTaxis.Common.csproj", "{967E124B-F204-4EBE-B903-FFFD5EFFE83B}"
EndProject
Project("{9A19103F-16F7-4668-BE54-9A1E7A4F7556}") = "CalificarTaxis.Web", "CalificarTaxis.Web\CalificarTaxis.Web.csproj", "{5EEE7D81-8A53-4C5C-B3DF-E8EEBFD79EAD}"
EndProject
Project("{9A19103F-16F7-4668-BE54-9A1E7A4F7556}") = "CalificarTaxis.Prism", "CalificarTaxis.Prism\CalificarTaxis.Prism\CalificarTaxis.Prism.csproj", "{6A45E28F-82A5-42E1-8013-F6DEAA6B16C6}"
EndProject
Project("{FAE04EC0-301F-11D3-BF4B-00C04F79EFBC}") = "CalificarTaxis.Prism.Android", "CalificarTaxis.Prism\CalificarTaxis.Prism.Android\CalificarTaxis.Prism.Android.csproj", "{313D6D01-3A31-4C38-ACF5-C106AB7C9F0E}"
EndProject
Project("{FAE04EC0-301F-11D3-BF4B-00C04F79EFBC}") = "CalificarTaxis.Prism.iOS", "CalificarTaxis.Prism\CalificarTaxis.Prism.iOS\CalificarTaxis.Prism.iOS.csproj", "{F1CAD0EA-1582-4DE7-AB8C-8B4C5219A387}"
EndProject
Project("{FAE04EC0-301F-11D3-BF4B-00C04F79EFBC}") = "CalificarTaxis.Cross.Android", "CalificarTaxis.Cross.Android\CalificarTaxis.Cross.Android.csproj", "{80F68611-CBE4-4628-A21E-472843A9AE96}"
EndProject
Project("{FAE04EC0-301F-11D3-BF4B-00C04F79EFBC}") = "Calificartaxis.Cross.IOS", "Calificartaxis.Cross.IOS\Calificartaxis.Cross.IOS\Calificartaxis.Cross.IOS.csproj", "{869EAD1D-172A-4415-9ED1-B1F2E99503BB}"
EndProject
Global
	GlobalSection(SolutionConfigurationPlatforms) = preSolution
		Ad-Hoc|Any CPU = Ad-Hoc|Any CPU
		Ad-Hoc|iPhone = Ad-Hoc|iPhone
		Ad-Hoc|iPhoneSimulator = Ad-Hoc|iPhoneSimulator
		AppStore|Any CPU = AppStore|Any CPU
		AppStore|iPhone = AppStore|iPhone
		AppStore|iPhoneSimulator = AppStore|iPhoneSimulator
		Debug|Any CPU = Debug|Any CPU
		Debug|iPhone = Debug|iPhone
		Debug|iPhoneSimulator = Debug|iPhoneSimulator
		Release|Any CPU = Release|Any CPU
		Release|iPhone = Release|iPhone
		Release|iPhoneSimulator = Release|iPhoneSimulator
	EndGlobalSection
	GlobalSection(ProjectConfigurationPlatforms) = postSolution
		{967E124B-F204-4EBE-B903-FFFD5EFFE83B}.Ad-Hoc|Any CPU.ActiveCfg = Release|Any CPU
		{967E124B-F204-4EBE-B903-FFFD5EFFE83B}.Ad-Hoc|Any CPU.Build.0 = Release|Any CPU
		{967E124B-F204-4EBE-B903-FFFD5EFFE83B}.Ad-Hoc|iPhone.ActiveCfg = Release|Any CPU
		{967E124B-F204-4EBE-B903-FFFD5EFFE83B}.Ad-Hoc|iPhone.Build.0 = Release|Any CPU
		{967E124B-F204-4EBE-B903-FFFD5EFFE83B}.Ad-Hoc|iPhoneSimulator.ActiveCfg = Release|Any CPU
		{967E124B-F204-4EBE-B903-FFFD5EFFE83B}.Ad-Hoc|iPhoneSimulator.Build.0 = Release|Any CPU
		{967E124B-F204-4EBE-B903-FFFD5EFFE83B}.AppStore|Any CPU.ActiveCfg = Release|Any CPU
		{967E124B-F204-4EBE-B903-FFFD5EFFE83B}.AppStore|Any CPU.Build.0 = Release|Any CPU
		{967E124B-F204-4EBE-B903-FFFD5EFFE83B}.AppStore|iPhone.ActiveCfg = Release|Any CPU
		{967E124B-F204-4EBE-B903-FFFD5EFFE83B}.AppStore|iPhone.Build.0 = Release|Any CPU
		{967E124B-F204-4EBE-B903-FFFD5EFFE83B}.AppStore|iPhoneSimulator.ActiveCfg = Release|Any CPU
		{967E124B-F204-4EBE-B903-FFFD5EFFE83B}.AppStore|iPhoneSimulator.Build.0 = Release|Any CPU
		{967E124B-F204-4EBE-B903-FFFD5EFFE83B}.Debug|Any CPU.ActiveCfg = Debug|Any CPU
		{967E124B-F204-4EBE-B903-FFFD5EFFE83B}.Debug|Any CPU.Build.0 = Debug|Any CPU
		{967E124B-F204-4EBE-B903-FFFD5EFFE83B}.Debug|iPhone.ActiveCfg = Debug|Any CPU
		{967E124B-F204-4EBE-B903-FFFD5EFFE83B}.Debug|iPhone.Build.0 = Debug|Any CPU
		{967E124B-F204-4EBE-B903-FFFD5EFFE83B}.Debug|iPhoneSimulator.ActiveCfg = Debug|Any CPU
		{967E124B-F204-4EBE-B903-FFFD5EFFE83B}.Debug|iPhoneSimulator.Build.0 = Debug|Any CPU
		{967E124B-F204-4EBE-B903-FFFD5EFFE83B}.Release|Any CPU.ActiveCfg = Release|Any CPU
		{967E124B-F204-4EBE-B903-FFFD5EFFE83B}.Release|Any CPU.Build.0 = Release|Any CPU
		{967E124B-F204-4EBE-B903-FFFD5EFFE83B}.Release|iPhone.ActiveCfg = Release|Any CPU
		{967E124B-F204-4EBE-B903-FFFD5EFFE83B}.Release|iPhone.Build.0 = Release|Any CPU
		{967E124B-F204-4EBE-B903-FFFD5EFFE83B}.Release|iPhoneSimulator.ActiveCfg = Release|Any CPU
		{967E124B-F204-4EBE-B903-FFFD5EFFE83B}.Release|iPhoneSimulator.Build.0 = Release|Any CPU
		{5EEE7D81-8A53-4C5C-B3DF-E8EEBFD79EAD}.Ad-Hoc|Any CPU.ActiveCfg = Release|Any CPU
		{5EEE7D81-8A53-4C5C-B3DF-E8EEBFD79EAD}.Ad-Hoc|Any CPU.Build.0 = Release|Any CPU
		{5EEE7D81-8A53-4C5C-B3DF-E8EEBFD79EAD}.Ad-Hoc|iPhone.ActiveCfg = Release|Any CPU
		{5EEE7D81-8A53-4C5C-B3DF-E8EEBFD79EAD}.Ad-Hoc|iPhone.Build.0 = Release|Any CPU
		{5EEE7D81-8A53-4C5C-B3DF-E8EEBFD79EAD}.Ad-Hoc|iPhoneSimulator.ActiveCfg = Release|Any CPU
		{5EEE7D81-8A53-4C5C-B3DF-E8EEBFD79EAD}.Ad-Hoc|iPhoneSimulator.Build.0 = Release|Any CPU
		{5EEE7D81-8A53-4C5C-B3DF-E8EEBFD79EAD}.AppStore|Any CPU.ActiveCfg = Release|Any CPU
		{5EEE7D81-8A53-4C5C-B3DF-E8EEBFD79EAD}.AppStore|Any CPU.Build.0 = Release|Any CPU
		{5EEE7D81-8A53-4C5C-B3DF-E8EEBFD79EAD}.AppStore|iPhone.ActiveCfg = Release|Any CPU
		{5EEE7D81-8A53-4C5C-B3DF-E8EEBFD79EAD}.AppStore|iPhone.Build.0 = Release|Any CPU
		{5EEE7D81-8A53-4C5C-B3DF-E8EEBFD79EAD}.AppStore|iPhoneSimulator.ActiveCfg = Release|Any CPU
		{5EEE7D81-8A53-4C5C-B3DF-E8EEBFD79EAD}.AppStore|iPhoneSimulator.Build.0 = Release|Any CPU
		{5EEE7D81-8A53-4C5C-B3DF-E8EEBFD79EAD}.Debug|Any CPU.ActiveCfg = Debug|Any CPU
		{5EEE7D81-8A53-4C5C-B3DF-E8EEBFD79EAD}.Debug|Any CPU.Build.0 = Debug|Any CPU
		{5EEE7D81-8A53-4C5C-B3DF-E8EEBFD79EAD}.Debug|iPhone.ActiveCfg = Debug|Any CPU
		{5EEE7D81-8A53-4C5C-B3DF-E8EEBFD79EAD}.Debug|iPhone.Build.0 = Debug|Any CPU
		{5EEE7D81-8A53-4C5C-B3DF-E8EEBFD79EAD}.Debug|iPhoneSimulator.ActiveCfg = Debug|Any CPU
		{5EEE7D81-8A53-4C5C-B3DF-E8EEBFD79EAD}.Debug|iPhoneSimulator.Build.0 = Debug|Any CPU
		{5EEE7D81-8A53-4C5C-B3DF-E8EEBFD79EAD}.Release|Any CPU.ActiveCfg = Release|Any CPU
		{5EEE7D81-8A53-4C5C-B3DF-E8EEBFD79EAD}.Release|Any CPU.Build.0 = Release|Any CPU
		{5EEE7D81-8A53-4C5C-B3DF-E8EEBFD79EAD}.Release|iPhone.ActiveCfg = Release|Any CPU
		{5EEE7D81-8A53-4C5C-B3DF-E8EEBFD79EAD}.Release|iPhone.Build.0 = Release|Any CPU
		{5EEE7D81-8A53-4C5C-B3DF-E8EEBFD79EAD}.Release|iPhoneSimulator.ActiveCfg = Release|Any CPU
		{5EEE7D81-8A53-4C5C-B3DF-E8EEBFD79EAD}.Release|iPhoneSimulator.Build.0 = Release|Any CPU
		{6A45E28F-82A5-42E1-8013-F6DEAA6B16C6}.Ad-Hoc|Any CPU.ActiveCfg = Debug|Any CPU
		{6A45E28F-82A5-42E1-8013-F6DEAA6B16C6}.Ad-Hoc|Any CPU.Build.0 = Debug|Any CPU
		{6A45E28F-82A5-42E1-8013-F6DEAA6B16C6}.Ad-Hoc|iPhone.ActiveCfg = Debug|Any CPU
		{6A45E28F-82A5-42E1-8013-F6DEAA6B16C6}.Ad-Hoc|iPhone.Build.0 = Debug|Any CPU
		{6A45E28F-82A5-42E1-8013-F6DEAA6B16C6}.Ad-Hoc|iPhoneSimulator.ActiveCfg = Debug|Any CPU
		{6A45E28F-82A5-42E1-8013-F6DEAA6B16C6}.Ad-Hoc|iPhoneSimulator.Build.0 = Debug|Any CPU
		{6A45E28F-82A5-42E1-8013-F6DEAA6B16C6}.AppStore|Any CPU.ActiveCfg = Debug|Any CPU
		{6A45E28F-82A5-42E1-8013-F6DEAA6B16C6}.AppStore|Any CPU.Build.0 = Debug|Any CPU
		{6A45E28F-82A5-42E1-8013-F6DEAA6B16C6}.AppStore|iPhone.ActiveCfg = Debug|Any CPU
		{6A45E28F-82A5-42E1-8013-F6DEAA6B16C6}.AppStore|iPhone.Build.0 = Debug|Any CPU
		{6A45E28F-82A5-42E1-8013-F6DEAA6B16C6}.AppStore|iPhoneSimulator.ActiveCfg = Debug|Any CPU
		{6A45E28F-82A5-42E1-8013-F6DEAA6B16C6}.AppStore|iPhoneSimulator.Build.0 = Debug|Any CPU
		{6A45E28F-82A5-42E1-8013-F6DEAA6B16C6}.Debug|Any CPU.ActiveCfg = Debug|Any CPU
		{6A45E28F-82A5-42E1-8013-F6DEAA6B16C6}.Debug|Any CPU.Build.0 = Debug|Any CPU
		{6A45E28F-82A5-42E1-8013-F6DEAA6B16C6}.Debug|iPhone.ActiveCfg = Debug|Any CPU
		{6A45E28F-82A5-42E1-8013-F6DEAA6B16C6}.Debug|iPhone.Build.0 = Debug|Any CPU
		{6A45E28F-82A5-42E1-8013-F6DEAA6B16C6}.Debug|iPhoneSimulator.ActiveCfg = Debug|Any CPU
		{6A45E28F-82A5-42E1-8013-F6DEAA6B16C6}.Debug|iPhoneSimulator.Build.0 = Debug|Any CPU
		{6A45E28F-82A5-42E1-8013-F6DEAA6B16C6}.Release|Any CPU.ActiveCfg = Release|Any CPU
		{6A45E28F-82A5-42E1-8013-F6DEAA6B16C6}.Release|Any CPU.Build.0 = Release|Any CPU
		{6A45E28F-82A5-42E1-8013-F6DEAA6B16C6}.Release|iPhone.ActiveCfg = Release|Any CPU
		{6A45E28F-82A5-42E1-8013-F6DEAA6B16C6}.Release|iPhone.Build.0 = Release|Any CPU
		{6A45E28F-82A5-42E1-8013-F6DEAA6B16C6}.Release|iPhoneSimulator.ActiveCfg = Release|Any CPU
		{6A45E28F-82A5-42E1-8013-F6DEAA6B16C6}.Release|iPhoneSimulator.Build.0 = Release|Any CPU
		{313D6D01-3A31-4C38-ACF5-C106AB7C9F0E}.Ad-Hoc|Any CPU.ActiveCfg = Release|Any CPU
		{313D6D01-3A31-4C38-ACF5-C106AB7C9F0E}.Ad-Hoc|Any CPU.Build.0 = Release|Any CPU
		{313D6D01-3A31-4C38-ACF5-C106AB7C9F0E}.Ad-Hoc|Any CPU.Deploy.0 = Release|Any CPU
		{313D6D01-3A31-4C38-ACF5-C106AB7C9F0E}.Ad-Hoc|iPhone.ActiveCfg = Release|Any CPU
		{313D6D01-3A31-4C38-ACF5-C106AB7C9F0E}.Ad-Hoc|iPhone.Build.0 = Release|Any CPU
		{313D6D01-3A31-4C38-ACF5-C106AB7C9F0E}.Ad-Hoc|iPhone.Deploy.0 = Release|Any CPU
		{313D6D01-3A31-4C38-ACF5-C106AB7C9F0E}.Ad-Hoc|iPhoneSimulator.ActiveCfg = Release|Any CPU
		{313D6D01-3A31-4C38-ACF5-C106AB7C9F0E}.Ad-Hoc|iPhoneSimulator.Build.0 = Release|Any CPU
		{313D6D01-3A31-4C38-ACF5-C106AB7C9F0E}.Ad-Hoc|iPhoneSimulator.Deploy.0 = Release|Any CPU
		{313D6D01-3A31-4C38-ACF5-C106AB7C9F0E}.AppStore|Any CPU.ActiveCfg = Release|Any CPU
		{313D6D01-3A31-4C38-ACF5-C106AB7C9F0E}.AppStore|Any CPU.Build.0 = Release|Any CPU
		{313D6D01-3A31-4C38-ACF5-C106AB7C9F0E}.AppStore|Any CPU.Deploy.0 = Release|Any CPU
		{313D6D01-3A31-4C38-ACF5-C106AB7C9F0E}.AppStore|iPhone.ActiveCfg = Release|Any CPU
		{313D6D01-3A31-4C38-ACF5-C106AB7C9F0E}.AppStore|iPhone.Build.0 = Release|Any CPU
		{313D6D01-3A31-4C38-ACF5-C106AB7C9F0E}.AppStore|iPhone.Deploy.0 = Release|Any CPU
		{313D6D01-3A31-4C38-ACF5-C106AB7C9F0E}.AppStore|iPhoneSimulator.ActiveCfg = Release|Any CPU
		{313D6D01-3A31-4C38-ACF5-C106AB7C9F0E}.AppStore|iPhoneSimulator.Build.0 = Release|Any CPU
		{313D6D01-3A31-4C38-ACF5-C106AB7C9F0E}.AppStore|iPhoneSimulator.Deploy.0 = Release|Any CPU
		{313D6D01-3A31-4C38-ACF5-C106AB7C9F0E}.Debug|Any CPU.ActiveCfg = Debug|Any CPU
		{313D6D01-3A31-4C38-ACF5-C106AB7C9F0E}.Debug|Any CPU.Build.0 = Debug|Any CPU
		{313D6D01-3A31-4C38-ACF5-C106AB7C9F0E}.Debug|Any CPU.Deploy.0 = Debug|Any CPU
		{313D6D01-3A31-4C38-ACF5-C106AB7C9F0E}.Debug|iPhone.ActiveCfg = Debug|Any CPU
		{313D6D01-3A31-4C38-ACF5-C106AB7C9F0E}.Debug|iPhone.Build.0 = Debug|Any CPU
		{313D6D01-3A31-4C38-ACF5-C106AB7C9F0E}.Debug|iPhone.Deploy.0 = Debug|Any CPU
		{313D6D01-3A31-4C38-ACF5-C106AB7C9F0E}.Debug|iPhoneSimulator.ActiveCfg = Debug|Any CPU
		{313D6D01-3A31-4C38-ACF5-C106AB7C9F0E}.Debug|iPhoneSimulator.Build.0 = Debug|Any CPU
		{313D6D01-3A31-4C38-ACF5-C106AB7C9F0E}.Debug|iPhoneSimulator.Deploy.0 = Debug|Any CPU
		{313D6D01-3A31-4C38-ACF5-C106AB7C9F0E}.Release|Any CPU.ActiveCfg = Release|Any CPU
		{313D6D01-3A31-4C38-ACF5-C106AB7C9F0E}.Release|Any CPU.Build.0 = Release|Any CPU
		{313D6D01-3A31-4C38-ACF5-C106AB7C9F0E}.Release|Any CPU.Deploy.0 = Release|Any CPU
		{313D6D01-3A31-4C38-ACF5-C106AB7C9F0E}.Release|iPhone.ActiveCfg = Release|Any CPU
		{313D6D01-3A31-4C38-ACF5-C106AB7C9F0E}.Release|iPhone.Build.0 = Release|Any CPU
		{313D6D01-3A31-4C38-ACF5-C106AB7C9F0E}.Release|iPhone.Deploy.0 = Release|Any CPU
		{313D6D01-3A31-4C38-ACF5-C106AB7C9F0E}.Release|iPhoneSimulator.ActiveCfg = Release|Any CPU
		{313D6D01-3A31-4C38-ACF5-C106AB7C9F0E}.Release|iPhoneSimulator.Build.0 = Release|Any CPU
		{313D6D01-3A31-4C38-ACF5-C106AB7C9F0E}.Release|iPhoneSimulator.Deploy.0 = Release|Any CPU
		{F1CAD0EA-1582-4DE7-AB8C-8B4C5219A387}.Ad-Hoc|Any CPU.ActiveCfg = Ad-Hoc|iPhone
		{F1CAD0EA-1582-4DE7-AB8C-8B4C5219A387}.Ad-Hoc|iPhone.ActiveCfg = Ad-Hoc|iPhone
		{F1CAD0EA-1582-4DE7-AB8C-8B4C5219A387}.Ad-Hoc|iPhone.Build.0 = Ad-Hoc|iPhone
		{F1CAD0EA-1582-4DE7-AB8C-8B4C5219A387}.Ad-Hoc|iPhoneSimulator.ActiveCfg = Ad-Hoc|iPhoneSimulator
		{F1CAD0EA-1582-4DE7-AB8C-8B4C5219A387}.Ad-Hoc|iPhoneSimulator.Build.0 = Ad-Hoc|iPhoneSimulator
		{F1CAD0EA-1582-4DE7-AB8C-8B4C5219A387}.AppStore|Any CPU.ActiveCfg = AppStore|iPhone
		{F1CAD0EA-1582-4DE7-AB8C-8B4C5219A387}.AppStore|iPhone.ActiveCfg = AppStore|iPhone
		{F1CAD0EA-1582-4DE7-AB8C-8B4C5219A387}.AppStore|iPhone.Build.0 = AppStore|iPhone
		{F1CAD0EA-1582-4DE7-AB8C-8B4C5219A387}.AppStore|iPhoneSimulator.ActiveCfg = AppStore|iPhoneSimulator
		{F1CAD0EA-1582-4DE7-AB8C-8B4C5219A387}.AppStore|iPhoneSimulator.Build.0 = AppStore|iPhoneSimulator
		{F1CAD0EA-1582-4DE7-AB8C-8B4C5219A387}.Debug|Any CPU.ActiveCfg = Debug|iPhone
		{F1CAD0EA-1582-4DE7-AB8C-8B4C5219A387}.Debug|iPhone.ActiveCfg = Debug|iPhone
		{F1CAD0EA-1582-4DE7-AB8C-8B4C5219A387}.Debug|iPhone.Build.0 = Debug|iPhone
		{F1CAD0EA-1582-4DE7-AB8C-8B4C5219A387}.Debug|iPhoneSimulator.ActiveCfg = Debug|iPhoneSimulator
		{F1CAD0EA-1582-4DE7-AB8C-8B4C5219A387}.Debug|iPhoneSimulator.Build.0 = Debug|iPhoneSimulator
		{F1CAD0EA-1582-4DE7-AB8C-8B4C5219A387}.Release|Any CPU.ActiveCfg = Release|iPhone
		{F1CAD0EA-1582-4DE7-AB8C-8B4C5219A387}.Release|iPhone.ActiveCfg = Release|iPhone
		{F1CAD0EA-1582-4DE7-AB8C-8B4C5219A387}.Release|iPhone.Build.0 = Release|iPhone
		{F1CAD0EA-1582-4DE7-AB8C-8B4C5219A387}.Release|iPhoneSimulator.ActiveCfg = Release|iPhoneSimulator
		{F1CAD0EA-1582-4DE7-AB8C-8B4C5219A387}.Release|iPhoneSimulator.Build.0 = Release|iPhoneSimulator
		{80F68611-CBE4-4628-A21E-472843A9AE96}.Ad-Hoc|Any CPU.ActiveCfg = Release|Any CPU
		{80F68611-CBE4-4628-A21E-472843A9AE96}.Ad-Hoc|Any CPU.Build.0 = Release|Any CPU
		{80F68611-CBE4-4628-A21E-472843A9AE96}.Ad-Hoc|Any CPU.Deploy.0 = Release|Any CPU
		{80F68611-CBE4-4628-A21E-472843A9AE96}.Ad-Hoc|iPhone.ActiveCfg = Release|Any CPU
		{80F68611-CBE4-4628-A21E-472843A9AE96}.Ad-Hoc|iPhone.Build.0 = Release|Any CPU
		{80F68611-CBE4-4628-A21E-472843A9AE96}.Ad-Hoc|iPhone.Deploy.0 = Release|Any CPU
		{80F68611-CBE4-4628-A21E-472843A9AE96}.Ad-Hoc|iPhoneSimulator.ActiveCfg = Release|Any CPU
		{80F68611-CBE4-4628-A21E-472843A9AE96}.Ad-Hoc|iPhoneSimulator.Build.0 = Release|Any CPU
		{80F68611-CBE4-4628-A21E-472843A9AE96}.Ad-Hoc|iPhoneSimulator.Deploy.0 = Release|Any CPU
		{80F68611-CBE4-4628-A21E-472843A9AE96}.AppStore|Any CPU.ActiveCfg = Release|Any CPU
		{80F68611-CBE4-4628-A21E-472843A9AE96}.AppStore|Any CPU.Build.0 = Release|Any CPU
		{80F68611-CBE4-4628-A21E-472843A9AE96}.AppStore|Any CPU.Deploy.0 = Release|Any CPU
		{80F68611-CBE4-4628-A21E-472843A9AE96}.AppStore|iPhone.ActiveCfg = Release|Any CPU
		{80F68611-CBE4-4628-A21E-472843A9AE96}.AppStore|iPhone.Build.0 = Release|Any CPU
		{80F68611-CBE4-4628-A21E-472843A9AE96}.AppStore|iPhone.Deploy.0 = Release|Any CPU
		{80F68611-CBE4-4628-A21E-472843A9AE96}.AppStore|iPhoneSimulator.ActiveCfg = Release|Any CPU
		{80F68611-CBE4-4628-A21E-472843A9AE96}.AppStore|iPhoneSimulator.Build.0 = Release|Any CPU
		{80F68611-CBE4-4628-A21E-472843A9AE96}.AppStore|iPhoneSimulator.Deploy.0 = Release|Any CPU
		{80F68611-CBE4-4628-A21E-472843A9AE96}.Debug|Any CPU.ActiveCfg = Debug|Any CPU
		{80F68611-CBE4-4628-A21E-472843A9AE96}.Debug|Any CPU.Build.0 = Debug|Any CPU
		{80F68611-CBE4-4628-A21E-472843A9AE96}.Debug|Any CPU.Deploy.0 = Debug|Any CPU
		{80F68611-CBE4-4628-A21E-472843A9AE96}.Debug|iPhone.ActiveCfg = Debug|Any CPU
		{80F68611-CBE4-4628-A21E-472843A9AE96}.Debug|iPhone.Build.0 = Debug|Any CPU
		{80F68611-CBE4-4628-A21E-472843A9AE96}.Debug|iPhone.Deploy.0 = Debug|Any CPU
		{80F68611-CBE4-4628-A21E-472843A9AE96}.Debug|iPhoneSimulator.ActiveCfg = Debug|Any CPU
		{80F68611-CBE4-4628-A21E-472843A9AE96}.Debug|iPhoneSimulator.Build.0 = Debug|Any CPU
		{80F68611-CBE4-4628-A21E-472843A9AE96}.Debug|iPhoneSimulator.Deploy.0 = Debug|Any CPU
		{80F68611-CBE4-4628-A21E-472843A9AE96}.Release|Any CPU.ActiveCfg = Release|Any CPU
		{80F68611-CBE4-4628-A21E-472843A9AE96}.Release|Any CPU.Build.0 = Release|Any CPU
		{80F68611-CBE4-4628-A21E-472843A9AE96}.Release|Any CPU.Deploy.0 = Release|Any CPU
		{80F68611-CBE4-4628-A21E-472843A9AE96}.Release|iPhone.ActiveCfg = Release|Any CPU
		{80F68611-CBE4-4628-A21E-472843A9AE96}.Release|iPhone.Build.0 = Release|Any CPU
		{80F68611-CBE4-4628-A21E-472843A9AE96}.Release|iPhone.Deploy.0 = Release|Any CPU
		{80F68611-CBE4-4628-A21E-472843A9AE96}.Release|iPhoneSimulator.ActiveCfg = Release|Any CPU
		{80F68611-CBE4-4628-A21E-472843A9AE96}.Release|iPhoneSimulator.Build.0 = Release|Any CPU
		{80F68611-CBE4-4628-A21E-472843A9AE96}.Release|iPhoneSimulator.Deploy.0 = Release|Any CPU
		{869EAD1D-172A-4415-9ED1-B1F2E99503BB}.Ad-Hoc|Any CPU.ActiveCfg = Release|Any CPU
		{869EAD1D-172A-4415-9ED1-B1F2E99503BB}.Ad-Hoc|Any CPU.Build.0 = Release|Any CPU
		{869EAD1D-172A-4415-9ED1-B1F2E99503BB}.Ad-Hoc|Any CPU.Deploy.0 = Release|Any CPU
		{869EAD1D-172A-4415-9ED1-B1F2E99503BB}.Ad-Hoc|iPhone.ActiveCfg = Release|Any CPU
		{869EAD1D-172A-4415-9ED1-B1F2E99503BB}.Ad-Hoc|iPhone.Build.0 = Release|Any CPU
		{869EAD1D-172A-4415-9ED1-B1F2E99503BB}.Ad-Hoc|iPhone.Deploy.0 = Release|Any CPU
		{869EAD1D-172A-4415-9ED1-B1F2E99503BB}.Ad-Hoc|iPhoneSimulator.ActiveCfg = Release|Any CPU
		{869EAD1D-172A-4415-9ED1-B1F2E99503BB}.Ad-Hoc|iPhoneSimulator.Build.0 = Release|Any CPU
		{869EAD1D-172A-4415-9ED1-B1F2E99503BB}.Ad-Hoc|iPhoneSimulator.Deploy.0 = Release|Any CPU
		{869EAD1D-172A-4415-9ED1-B1F2E99503BB}.AppStore|Any CPU.ActiveCfg = Release|Any CPU
		{869EAD1D-172A-4415-9ED1-B1F2E99503BB}.AppStore|Any CPU.Build.0 = Release|Any CPU
		{869EAD1D-172A-4415-9ED1-B1F2E99503BB}.AppStore|Any CPU.Deploy.0 = Release|Any CPU
		{869EAD1D-172A-4415-9ED1-B1F2E99503BB}.AppStore|iPhone.ActiveCfg = Release|Any CPU
		{869EAD1D-172A-4415-9ED1-B1F2E99503BB}.AppStore|iPhone.Build.0 = Release|Any CPU
		{869EAD1D-172A-4415-9ED1-B1F2E99503BB}.AppStore|iPhone.Deploy.0 = Release|Any CPU
		{869EAD1D-172A-4415-9ED1-B1F2E99503BB}.AppStore|iPhoneSimulator.ActiveCfg = Release|Any CPU
		{869EAD1D-172A-4415-9ED1-B1F2E99503BB}.AppStore|iPhoneSimulator.Build.0 = Release|Any CPU
		{869EAD1D-172A-4415-9ED1-B1F2E99503BB}.AppStore|iPhoneSimulator.Deploy.0 = Release|Any CPU
		{869EAD1D-172A-4415-9ED1-B1F2E99503BB}.Debug|Any CPU.ActiveCfg = Debug|Any CPU
		{869EAD1D-172A-4415-9ED1-B1F2E99503BB}.Debug|Any CPU.Build.0 = Debug|Any CPU
		{869EAD1D-172A-4415-9ED1-B1F2E99503BB}.Debug|Any CPU.Deploy.0 = Debug|Any CPU
		{869EAD1D-172A-4415-9ED1-B1F2E99503BB}.Debug|iPhone.ActiveCfg = Debug|Any CPU
		{869EAD1D-172A-4415-9ED1-B1F2E99503BB}.Debug|iPhone.Build.0 = Debug|Any CPU
		{869EAD1D-172A-4415-9ED1-B1F2E99503BB}.Debug|iPhone.Deploy.0 = Debug|Any CPU
		{869EAD1D-172A-4415-9ED1-B1F2E99503BB}.Debug|iPhoneSimulator.ActiveCfg = Debug|Any CPU
		{869EAD1D-172A-4415-9ED1-B1F2E99503BB}.Debug|iPhoneSimulator.Build.0 = Debug|Any CPU
		{869EAD1D-172A-4415-9ED1-B1F2E99503BB}.Debug|iPhoneSimulator.Deploy.0 = Debug|Any CPU
		{869EAD1D-172A-4415-9ED1-B1F2E99503BB}.Release|Any CPU.ActiveCfg = Release|Any CPU
		{869EAD1D-172A-4415-9ED1-B1F2E99503BB}.Release|Any CPU.Build.0 = Release|Any CPU
		{869EAD1D-172A-4415-9ED1-B1F2E99503BB}.Release|Any CPU.Deploy.0 = Release|Any CPU
		{869EAD1D-172A-4415-9ED1-B1F2E99503BB}.Release|iPhone.ActiveCfg = Release|Any CPU
		{869EAD1D-172A-4415-9ED1-B1F2E99503BB}.Release|iPhone.Build.0 = Release|Any CPU
		{869EAD1D-172A-4415-9ED1-B1F2E99503BB}.Release|iPhone.Deploy.0 = Release|Any CPU
		{869EAD1D-172A-4415-9ED1-B1F2E99503BB}.Release|iPhoneSimulator.ActiveCfg = Release|Any CPU
		{869EAD1D-172A-4415-9ED1-B1F2E99503BB}.Release|iPhoneSimulator.Build.0 = Release|Any CPU
		{869EAD1D-172A-4415-9ED1-B1F2E99503BB}.Release|iPhoneSimulator.Deploy.0 = Release|Any CPU
	EndGlobalSection
	GlobalSection(SolutionProperties) = preSolution
		HideSolutionNode = FALSE
	EndGlobalSection
	GlobalSection(ExtensibilityGlobals) = postSolution
		SolutionGuid = {AC481CE3-EAA4-4F0B-A495-221FB364006E}
	EndGlobalSection
EndGlobal
